// !$*UTF8*$!
{
	archiveVersion = 1;
	classes = {
	};
	objectVersion = 55;
	objects = {

/* Begin PBXBuildFile section */
		02B2417528C4A0D8001FC13D /* AppDelegate.swift in Sources */ = {isa = PBXBuildFile; fileRef = 02B2417428C4A0D8001FC13D /* AppDelegate.swift */; };
		02B2417728C4A0D8001FC13D /* SceneDelegate.swift in Sources */ = {isa = PBXBuildFile; fileRef = 02B2417628C4A0D8001FC13D /* SceneDelegate.swift */; };
		02B2417928C4A0D8001FC13D /* FruitsController.swift in Sources */ = {isa = PBXBuildFile; fileRef = 02B2417828C4A0D8001FC13D /* FruitsController.swift */; };
		02B2417C28C4A0D8001FC13D /* FruitsScreen.storyboard in Resources */ = {isa = PBXBuildFile; fileRef = 02B2417A28C4A0D8001FC13D /* FruitsScreen.storyboard */; };
		02B2417E28C4A0DA001FC13D /* Photos.xcassets in Resources */ = {isa = PBXBuildFile; fileRef = 02B2417D28C4A0DA001FC13D /* Photos.xcassets */; };
		02B2418128C4A0DA001FC13D /* LaunchScreen.storyboard in Resources */ = {isa = PBXBuildFile; fileRef = 02B2417F28C4A0DA001FC13D /* LaunchScreen.storyboard */; };
		02B2418F28C4AFA6001FC13D /* FruitCell.swift in Sources */ = {isa = PBXBuildFile; fileRef = 02B2418E28C4AFA6001FC13D /* FruitCell.swift */; };
		02B2419128C4B052001FC13D /* FruitModel.swift in Sources */ = {isa = PBXBuildFile; fileRef = 02B2419028C4B052001FC13D /* FruitModel.swift */; };
		02B2419328C4B5B6001FC13D /* FruitLayout.swift in Sources */ = {isa = PBXBuildFile; fileRef = 02B2419228C4B5B6001FC13D /* FruitLayout.swift */; };
		02B2419528C4BC67001FC13D /* Fruits.plist in Resources */ = {isa = PBXBuildFile; fileRef = 02B2419428C4BC67001FC13D /* Fruits.plist */; };
/* End PBXBuildFile section */

/* Begin PBXFileReference section */
		02B2417128C4A0D8001FC13D /* Task_Collection_Custom.app */ = {isa = PBXFileReference; explicitFileType = wrapper.application; includeInIndex = 0; path = Task_Collection_Custom.app; sourceTree = BUILT_PRODUCTS_DIR; };
		02B2417428C4A0D8001FC13D /* AppDelegate.swift */ = {isa = PBXFileReference; lastKnownFileType = sourcecode.swift; path = AppDelegate.swift; sourceTree = "<group>"; };
		02B2417628C4A0D8001FC13D /* SceneDelegate.swift */ = {isa = PBXFileReference; lastKnownFileType = sourcecode.swift; path = SceneDelegate.swift; sourceTree = "<group>"; };
		02B2417828C4A0D8001FC13D /* FruitsController.swift */ = {isa = PBXFileReference; lastKnownFileType = sourcecode.swift; path = FruitsController.swift; sourceTree = "<group>"; };
		02B2417B28C4A0D8001FC13D /* Base */ = {isa = PBXFileReference; lastKnownFileType = file.storyboard; name = Base; path = Base.lproj/FruitsScreen.storyboard; sourceTree = "<group>"; };
		02B2417D28C4A0DA001FC13D /* Photos.xcassets */ = {isa = PBXFileReference; lastKnownFileType = folder.assetcatalog; path = Photos.xcassets; sourceTree = "<group>"; };
		02B2418028C4A0DA001FC13D /* Base */ = {isa = PBXFileReference; lastKnownFileType = file.storyboard; name = Base; path = Base.lproj/LaunchScreen.storyboard; sourceTree = "<group>"; };
		02B2418228C4A0DA001FC13D /* Info.plist */ = {isa = PBXFileReference; lastKnownFileType = text.plist.xml; path = Info.plist; sourceTree = "<group>"; };
		02B2418E28C4AFA6001FC13D /* FruitCell.swift */ = {isa = PBXFileReference; lastKnownFileType = sourcecode.swift; path = FruitCell.swift; sourceTree = "<group>"; };
		02B2419028C4B052001FC13D /* FruitModel.swift */ = {isa = PBXFileReference; lastKnownFileType = sourcecode.swift; path = FruitModel.swift; sourceTree = "<group>"; };
		02B2419228C4B5B6001FC13D /* FruitLayout.swift */ = {isa = PBXFileReference; lastKnownFileType = sourcecode.swift; path = FruitLayout.swift; sourceTree = "<group>"; };
		02B2419428C4BC67001FC13D /* Fruits.plist */ = {isa = PBXFileReference; lastKnownFileType = text.plist.xml; path = Fruits.plist; sourceTree = "<group>"; };
/* End PBXFileReference section */

/* Begin PBXFrameworksBuildPhase section */
		02B2416E28C4A0D8001FC13D /* Frameworks */ = {
			isa = PBXFrameworksBuildPhase;
			buildActionMask = 2147483647;
			files = (
			);
			runOnlyForDeploymentPostprocessing = 0;
		};
/* End PBXFrameworksBuildPhase section */

/* Begin PBXGroup section */
		02B2416828C4A0D8001FC13D = {
			isa = PBXGroup;
			children = (
				02B2417328C4A0D8001FC13D /* Task_Collection_Custom */,
				02B2417228C4A0D8001FC13D /* Products */,
			);
			sourceTree = "<group>";
		};
		02B2417228C4A0D8001FC13D /* Products */ = {
			isa = PBXGroup;
			children = (
				02B2417128C4A0D8001FC13D /* Task_Collection_Custom.app */,
			);
			name = Products;
			sourceTree = "<group>";
		};
		02B2417328C4A0D8001FC13D /* Task_Collection_Custom */ = {
			isa = PBXGroup;
			children = (
				02B2418828C4A0E9001FC13D /* CustomCollection */,
				02B2417428C4A0D8001FC13D /* AppDelegate.swift */,
				02B2417628C4A0D8001FC13D /* SceneDelegate.swift */,
				02B2417F28C4A0DA001FC13D /* LaunchScreen.storyboard */,
				02B2418228C4A0DA001FC13D /* Info.plist */,
			);
			path = Task_Collection_Custom;
			sourceTree = "<group>";
		};
		02B2418828C4A0E9001FC13D /* CustomCollection */ = {
			isa = PBXGroup;
			children = (
				02B2419628C4BCE3001FC13D /* Assets */,
				02B2418D28C4AF82001FC13D /* Layouts */,
				02B2418B28C4A12C001FC13D /* Models */,
				02B2418A28C4A104001FC13D /* Controllers */,
				02B2418928C4A0FA001FC13D /* Views */,
			);
			name = CustomCollection;
			sourceTree = "<group>";
		};
		02B2418928C4A0FA001FC13D /* Views */ = {
			isa = PBXGroup;
			children = (
				02B2417A28C4A0D8001FC13D /* FruitsScreen.storyboard */,
			);
			path = Views;
			sourceTree = "<group>";
		};
		02B2418A28C4A104001FC13D /* Controllers */ = {
			isa = PBXGroup;
			children = (
				02B2417828C4A0D8001FC13D /* FruitsController.swift */,
				02B2418C28C4A136001FC13D /* Cells */,
			);
			name = Controllers;
			sourceTree = "<group>";
		};
		02B2418B28C4A12C001FC13D /* Models */ = {
			isa = PBXGroup;
			children = (
				02B2419028C4B052001FC13D /* FruitModel.swift */,
			);
			name = Models;
			sourceTree = "<group>";
		};
		02B2418C28C4A136001FC13D /* Cells */ = {
			isa = PBXGroup;
			children = (
				02B2418E28C4AFA6001FC13D /* FruitCell.swift */,
			);
			name = Cells;
			sourceTree = "<group>";
		};
		02B2418D28C4AF82001FC13D /* Layouts */ = {
			isa = PBXGroup;
			children = (
				02B2419228C4B5B6001FC13D /* FruitLayout.swift */,
			);
			path = Layouts;
			sourceTree = "<group>";
		};
		02B2419628C4BCE3001FC13D /* Assets */ = {
			isa = PBXGroup;
			children = (
				02B2417D28C4A0DA001FC13D /* Photos.xcassets */,
				02B2419428C4BC67001FC13D /* Fruits.plist */,
			);
			name = Assets;
			sourceTree = "<group>";
		};
/* End PBXGroup section */

/* Begin PBXNativeTarget section */
		02B2417028C4A0D8001FC13D /* Task_Collection_Custom */ = {
			isa = PBXNativeTarget;
			buildConfigurationList = 02B2418528C4A0DA001FC13D /* Build configuration list for PBXNativeTarget "Task_Collection_Custom" */;
			buildPhases = (
				02B2416D28C4A0D8001FC13D /* Sources */,
				02B2416E28C4A0D8001FC13D /* Frameworks */,
				02B2416F28C4A0D8001FC13D /* Resources */,
			);
			buildRules = (
			);
			dependencies = (
			);
			name = Task_Collection_Custom;
			productName = Task_Collection_Custom;
			productReference = 02B2417128C4A0D8001FC13D /* Task_Collection_Custom.app */;
			productType = "com.apple.product-type.application";
		};
/* End PBXNativeTarget section */

/* Begin PBXProject section */
		02B2416928C4A0D8001FC13D /* Project object */ = {
			isa = PBXProject;
			attributes = {
				BuildIndependentTargetsInParallel = 1;
				LastSwiftUpdateCheck = 1330;
				LastUpgradeCheck = 1330;
				TargetAttributes = {
					02B2417028C4A0D8001FC13D = {
						CreatedOnToolsVersion = 13.3;
					};
				};
			};
			buildConfigurationList = 02B2416C28C4A0D8001FC13D /* Build configuration list for PBXProject "Task_Collection_Custom" */;
			compatibilityVersion = "Xcode 13.0";
			developmentRegion = en;
			hasScannedForEncodings = 0;
			knownRegions = (
				en,
				Base,
			);
			mainGroup = 02B2416828C4A0D8001FC13D;
			productRefGroup = 02B2417228C4A0D8001FC13D /* Products */;
			projectDirPath = "";
			projectRoot = "";
			targets = (
				02B2417028C4A0D8001FC13D /* Task_Collection_Custom */,
			);
		};
/* End PBXProject section */

/* Begin PBXResourcesBuildPhase section */
		02B2416F28C4A0D8001FC13D /* Resources */ = {
			isa = PBXResourcesBuildPhase;
			buildActionMask = 2147483647;
			files = (
				02B2418128C4A0DA001FC13D /* LaunchScreen.storyboard in Resources */,
				02B2417E28C4A0DA001FC13D /* Photos.xcassets in Resources */,
				02B2417C28C4A0D8001FC13D /* FruitsScreen.storyboard in Resources */,
				02B2419528C4BC67001FC13D /* Fruits.plist in Resources */,
			);
			runOnlyForDeploymentPostprocessing = 0;
		};
/* End PBXResourcesBuildPhase section */

/* Begin PBXSourcesBuildPhase section */
		02B2416D28C4A0D8001FC13D /* Sources */ = {
			isa = PBXSourcesBuildPhase;
			buildActionMask = 2147483647;
			files = (
				02B2419328C4B5B6001FC13D /* FruitLayout.swift in Sources */,
				02B2418F28C4AFA6001FC13D /* FruitCell.swift in Sources */,
				02B2417928C4A0D8001FC13D /* FruitsController.swift in Sources */,
				02B2419128C4B052001FC13D /* FruitModel.swift in Sources */,
				02B2417528C4A0D8001FC13D /* AppDelegate.swift in Sources */,
				02B2417728C4A0D8001FC13D /* SceneDelegate.swift in Sources */,
			);
			runOnlyForDeploymentPostprocessing = 0;
		};
/* End PBXSourcesBuildPhase section */

/* Begin PBXVariantGroup section */
		02B2417A28C4A0D8001FC13D /* FruitsScreen.storyboard */ = {
			isa = PBXVariantGroup;
			children = (
				02B2417B28C4A0D8001FC13D /* Base */,
			);
			name = FruitsScreen.storyboard;
			sourceTree = "<group>";
		};
		02B2417F28C4A0DA001FC13D /* LaunchScreen.storyboard */ = {
			isa = PBXVariantGroup;
			children = (
				02B2418028C4A0DA001FC13D /* Base */,
			);
			name = LaunchScreen.storyboard;
			sourceTree = "<group>";
		};
/* End PBXVariantGroup section */

/* Begin XCBuildConfiguration section */
		02B2418328C4A0DA001FC13D /* Debug */ = {
			isa = XCBuildConfiguration;
			buildSettings = {
				ALWAYS_SEARCH_USER_PATHS = NO;
				CLANG_ANALYZER_NONNULL = YES;
				CLANG_ANALYZER_NUMBER_OBJECT_CONVERSION = YES_AGGRESSIVE;
				CLANG_CXX_LANGUAGE_STANDARD = "gnu++17";
				CLANG_ENABLE_MODULES = YES;
				CLANG_ENABLE_OBJC_ARC = YES;
				CLANG_ENABLE_OBJC_WEAK = YES;
				CLANG_WARN_BLOCK_CAPTURE_AUTORELEASING = YES;
				CLANG_WARN_BOOL_CONVERSION = YES;
				CLANG_WARN_COMMA = YES;
				CLANG_WARN_CONSTANT_CONVERSION = YES;
				CLANG_WARN_DEPRECATED_OBJC_IMPLEMENTATIONS = YES;
				CLANG_WARN_DIRECT_OBJC_ISA_USAGE = YES_ERROR;
				CLANG_WARN_DOCUMENTATION_COMMENTS = YES;
				CLANG_WARN_EMPTY_BODY = YES;
				CLANG_WARN_ENUM_CONVERSION = YES;
				CLANG_WARN_INFINITE_RECURSION = YES;
				CLANG_WARN_INT_CONVERSION = YES;
				CLANG_WARN_NON_LITERAL_NULL_CONVERSION = YES;
				CLANG_WARN_OBJC_IMPLICIT_RETAIN_SELF = YES;
				CLANG_WARN_OBJC_LITERAL_CONVERSION = YES;
				CLANG_WARN_OBJC_ROOT_CLASS = YES_ERROR;
				CLANG_WARN_QUOTED_INCLUDE_IN_FRAMEWORK_HEADER = YES;
				CLANG_WARN_RANGE_LOOP_ANALYSIS = YES;
				CLANG_WARN_STRICT_PROTOTYPES = YES;
				CLANG_WARN_SUSPICIOUS_MOVE = YES;
				CLANG_WARN_UNGUARDED_AVAILABILITY = YES_AGGRESSIVE;
				CLANG_WARN_UNREACHABLE_CODE = YES;
				CLANG_WARN__DUPLICATE_METHOD_MATCH = YES;
				COPY_PHASE_STRIP = NO;
				DEBUG_INFORMATION_FORMAT = dwarf;
				ENABLE_STRICT_OBJC_MSGSEND = YES;
				ENABLE_TESTABILITY = YES;
				GCC_C_LANGUAGE_STANDARD = gnu11;
				GCC_DYNAMIC_NO_PIC = NO;
				GCC_NO_COMMON_BLOCKS = YES;
				GCC_OPTIMIZATION_LEVEL = 0;
				GCC_PREPROCESSOR_DEFINITIONS = (
					"DEBUG=1",
					"$(inherited)",
				);
				GCC_WARN_64_TO_32_BIT_CONVERSION = YES;
				GCC_WARN_ABOUT_RETURN_TYPE = YES_ERROR;
				GCC_WARN_UNDECLARED_SELECTOR = YES;
				GCC_WARN_UNINITIALIZED_AUTOS = YES_AGGRESSIVE;
				GCC_WARN_UNUSED_FUNCTION = YES;
				GCC_WARN_UNUSED_VARIABLE = YES;
				IPHONEOS_DEPLOYMENT_TARGET = 15.4;
				MTL_ENABLE_DEBUG_INFO = INCLUDE_SOURCE;
				MTL_FAST_MATH = YES;
				ONLY_ACTIVE_ARCH = YES;
				SDKROOT = iphoneos;
				SWIFT_ACTIVE_COMPILATION_CONDITIONS = DEBUG;
				SWIFT_OPTIMIZATION_LEVEL = "-Onone";
			};
			name = Debug;
		};
		02B2418428C4A0DA001FC13D /* Release */ = {
			isa = XCBuildConfiguration;
			buildSettings = {
				ALWAYS_SEARCH_USER_PATHS = NO;
				CLANG_ANALYZER_NONNULL = YES;
				CLANG_ANALYZER_NUMBER_OBJECT_CONVERSION = YES_AGGRESSIVE;
				CLANG_CXX_LANGUAGE_STANDARD = "gnu++17";
				CLANG_ENABLE_MODULES = YES;
				CLANG_ENABLE_OBJC_ARC = YES;
				CLANG_ENABLE_OBJC_WEAK = YES;
				CLANG_WARN_BLOCK_CAPTURE_AUTORELEASING = YES;
				CLANG_WARN_BOOL_CONVERSION = YES;
				CLANG_WARN_COMMA = YES;
				CLANG_WARN_CONSTANT_CONVERSION = YES;
				CLANG_WARN_DEPRECATED_OBJC_IMPLEMENTATIONS = YES;
				CLANG_WARN_DIRECT_OBJC_ISA_USAGE = YES_ERROR;
				CLANG_WARN_DOCUMENTATION_COMMENTS = YES;
				CLANG_WARN_EMPTY_BODY = YES;
				CLANG_WARN_ENUM_CONVERSION = YES;
				CLANG_WARN_INFINITE_RECURSION = YES;
				CLANG_WARN_INT_CONVERSION = YES;
				CLANG_WARN_NON_LITERAL_NULL_CONVERSION = YES;
				CLANG_WARN_OBJC_IMPLICIT_RETAIN_SELF = YES;
				CLANG_WARN_OBJC_LITERAL_CONVERSION = YES;
				CLANG_WARN_OBJC_ROOT_CLASS = YES_ERROR;
				CLANG_WARN_QUOTED_INCLUDE_IN_FRAMEWORK_HEADER = YES;
				CLANG_WARN_RANGE_LOOP_ANALYSIS = YES;
				CLANG_WARN_STRICT_PROTOTYPES = YES;
				CLANG_WARN_SUSPICIOUS_MOVE = YES;
				CLANG_WARN_UNGUARDED_AVAILABILITY = YES_AGGRESSIVE;
				CLANG_WARN_UNREACHABLE_CODE = YES;
				CLANG_WARN__DUPLICATE_METHOD_MATCH = YES;
				COPY_PHASE_STRIP = NO;
				DEBUG_INFORMATION_FORMAT = "dwarf-with-dsym";
				ENABLE_NS_ASSERTIONS = NO;
				ENABLE_STRICT_OBJC_MSGSEND = YES;
				GCC_C_LANGUAGE_STANDARD = gnu11;
				GCC_NO_COMMON_BLOCKS = YES;
				GCC_WARN_64_TO_32_BIT_CONVERSION = YES;
				GCC_WARN_ABOUT_RETURN_TYPE = YES_ERROR;
				GCC_WARN_UNDECLARED_SELECTOR = YES;
				GCC_WARN_UNINITIALIZED_AUTOS = YES_AGGRESSIVE;
				GCC_WARN_UNUSED_FUNCTION = YES;
				GCC_WARN_UNUSED_VARIABLE = YES;
				IPHONEOS_DEPLOYMENT_TARGET = 15.4;
				MTL_ENABLE_DEBUG_INFO = NO;
				MTL_FAST_MATH = YES;
				SDKROOT = iphoneos;
				SWIFT_COMPILATION_MODE = wholemodule;
				SWIFT_OPTIMIZATION_LEVEL = "-O";
				VALIDATE_PRODUCT = YES;
			};
			name = Release;
		};
		02B2418628C4A0DA001FC13D /* Debug */ = {
			isa = XCBuildConfiguration;
			buildSettings = {
				ASSETCATALOG_COMPILER_APPICON_NAME = AppIcon;
				ASSETCATALOG_COMPILER_GLOBAL_ACCENT_COLOR_NAME = AccentColor;
				CODE_SIGN_STYLE = Automatic;
				CURRENT_PROJECT_VERSION = 1;
				GENERATE_INFOPLIST_FILE = YES;
				INFOPLIST_FILE = Task_Collection_Custom/Info.plist;
				INFOPLIST_KEY_UIApplicationSupportsIndirectInputEvents = YES;
				INFOPLIST_KEY_UILaunchStoryboardName = LaunchScreen;
				INFOPLIST_KEY_UIMainStoryboardFile = FruitsScreen;
				INFOPLIST_KEY_UISupportedInterfaceOrientations_iPad = "UIInterfaceOrientationPortrait UIInterfaceOrientationPortraitUpsideDown UIInterfaceOrientationLandscapeLeft UIInterfaceOrientationLandscapeRight";
				INFOPLIST_KEY_UISupportedInterfaceOrientations_iPhone = "UIInterfaceOrientationPortrait UIInterfaceOrientationLandscapeLeft UIInterfaceOrientationLandscapeRight";
				LD_RUNPATH_SEARCH_PATHS = (
					"$(inherited)",
					"@executable_path/Frameworks",
				);
				MARKETING_VERSION = 1.0;
				PRODUCT_BUNDLE_IDENTIFIER = "Emcan-Solutions.Task-Collection-Custom";
				PRODUCT_NAME = "$(TARGET_NAME)";
				SWIFT_EMIT_LOC_STRINGS = YES;
				SWIFT_VERSION = 5.0;
				TARGETED_DEVICE_FAMILY = "1,2";
			};
			name = Debug;
		};
		02B2418728C4A0DA001FC13D /* Release */ = {
			isa = XCBuildConfiguration;
			buildSettings = {
				ASSETCATALOG_COMPILER_APPICON_NAME = AppIcon;
				ASSETCATALOG_COMPILER_GLOBAL_ACCENT_COLOR_NAME = AccentColor;
				CODE_SIGN_STYLE = Automatic;
				CURRENT_PROJECT_VERSION = 1;
				GENERATE_INFOPLIST_FILE = YES;
				INFOPLIST_FILE = Task_Collection_Custom/Info.plist;
				INFOPLIST_KEY_UIApplicationSupportsIndirectInputEvents = YES;
				INFOPLIST_KEY_UILaunchStoryboardName = LaunchScreen;
				INFOPLIST_KEY_UIMainStoryboardFile = FruitsScreen;
				INFOPLIST_KEY_UISupportedInterfaceOrientations_iPad = "UIInterfaceOrientationPortrait UIInterfaceOrientationPortraitUpsideDown UIInterfaceOrientationLandscapeLeft UIInterfaceOrientationLandscapeRight";
				INFOPLIST_KEY_UISupportedInterfaceOrientations_iPhone = "UIInterfaceOrientationPortrait UIInterfaceOrientationLandscapeLeft UIInterfaceOrientationLandscapeRight";
				LD_RUNPATH_SEARCH_PATHS = (
					"$(inherited)",
					"@executable_path/Frameworks",
				);
				MARKETING_VERSION = 1.0;
				PRODUCT_BUNDLE_IDENTIFIER = "Emcan-Solutions.Task-Collection-Custom";
				PRODUCT_NAME = "$(TARGET_NAME)";
				SWIFT_EMIT_LOC_STRINGS = YES;
				SWIFT_VERSION = 5.0;
				TARGETED_DEVICE_FAMILY = "1,2";
			};
			name = Release;
		};
/* End XCBuildConfiguration section */

/* Begin XCConfigurationList section */
		02B2416C28C4A0D8001FC13D /* Build configuration list for PBXProject "Task_Collection_Custom" */ = {
			isa = XCConfigurationList;
			buildConfigurations = (
				02B2418328C4A0DA001FC13D /* Debug */,
				02B2418428C4A0DA001FC13D /* Release */,
			);
			defaultConfigurationIsVisible = 0;
			defaultConfigurationName = Release;
		};
		02B2418528C4A0DA001FC13D /* Build configuration list for PBXNativeTarget "Task_Collection_Custom" */ = {
			isa = XCConfigurationList;
			buildConfigurations = (
				02B2418628C4A0DA001FC13D /* Debug */,
				02B2418728C4A0DA001FC13D /* Release */,
			);
			defaultConfigurationIsVisible = 0;
			defaultConfigurationName = Release;
		};
/* End XCConfigurationList section */
	};
	rootObject = 02B2416928C4A0D8001FC13D /* Project object */;
}
